
Microsoft Visual Studio Solution File, Format Version 12.00
# Visual Studio 15
Project("{FAE04EC0-301F-11D3-BF4B-00C04F79EFBC}") = "ContactsAPI", "ContactsAPI\ContactsAPI.csproj", "{FF25A450-32A6-4E9F-8670-0B5E2C2DC99E}"
EndProject
Global
	GlobalSection(SolutionConfigurationPlatforms) = preSolution
		Debug|Any CPU = Debug|Any CPU
		Release|Any CPU = Release|Any CPU
	EndGlobalSection
	GlobalSection(ProjectConfigurationPlatforms) = postSolution
		{FF25A450-32A6-4E9F-8670-0B5E2C2DC99E}.Debug|Any CPU.ActiveCfg = Debug|Any CPU
		{FF25A450-32A6-4E9F-8670-0B5E2C2DC99E}.Debug|Any CPU.Build.0 = Debug|Any CPU
		{FF25A450-32A6-4E9F-8670-0B5E2C2DC99E}.Release|Any CPU.ActiveCfg = Release|Any CPU
		{FF25A450-32A6-4E9F-8670-0B5E2C2DC99E}.Release|Any CPU.Build.0 = Release|Any CPU
	EndGlobalSection
EndGlobal
